github.com/neo4j/neo4j-go-driver/v5 v5.3.0 h1:lHar0TrufgbFWo8uYoVVBDemYlPVxw3+sRJOxPmf1uE=
github.com/neo4j/neo4j-go-driver/v5 v5.3.0/go.mod h1:Vff8OwT7QpLm7L2yYr85XNWe9Rbqlbeb9asNXJTHO4k=
github.com/torres-developer/bloqsenjin v0.0.0-20230104202645-a265caf41f1e h1:YhAcfA0OktcWH1JbwMds+GqMlcqkOZymIyUlTFUNt00=
github.com/torres-developer/bloqsenjin v0.0.0-20230104202645-a265caf41f1e/go.mod h1:8b0nrjJIhbjSWk8bbZJe68GJG0vOsvuEk9kns2F0PC4=
github.com/torres-developer/bloqsenjin v0.0.0-20230104223100-25c2597ce8bd h1:ShnX3Nf50VawG2MaaVFJlsiiX4tNK1ucq4y6elvKJz0=
github.com/torres-developer/bloqsenjin v0.0.0-20230104223100-25c2597ce8bd/go.mod h1:8b0nrjJIhbjSWk8bbZJe68GJG0vOsvuEk9kns2F0PC4=
github.com/torres-developer/bloqsenjin v0.0.0-20230105002309-8781d416d080 h1:OWAc4TWDN/zyW75fZRAJrcuup9YvGy51ZCJx/VhCc+I=
github.com/torres-developer/bloqsenjin v0.0.0-20230105002309-8781d416d080/go.mod h1:8b0nrjJIhbjSWk8bbZJe68GJG0vOsvuEk9kns2F0PC4=
github.com/torres-developer/bloqsenjin v0.0.0-20230105093133-c620d2bb2751 h1:6nRYLRNOGQ24r+fpcY/OoKi+b5/s+smWO79MmHG/cUg=
github.com/torres-developer/bloqsenjin v0.0.0-20230105093133-c620d2bb2751/go.mod h1:8b0nrjJIhbjSWk8bbZJe68GJG0vOsvuEk9kns2F0PC4=
github.com/torres-developer/bloqsenjin v0.0.0-20230105202226-3fdc3a4e153c h1:P/v37A6EIRAblAIsLKgjSNAkxcgFTAw4NlRvMg5ivRk=
github.com/torres-developer/bloqsenjin v0.0.0-20230105202226-3fdc3a4e153c/go.mod h1:8b0nrjJIhbjSWk8bbZJe68GJG0vOsvuEk9kns2F0PC4=
github.com/torres-developer/bloqsenjin v0.0.0-20230105205353-a8d20fcecd6e h1:gZYC3TwXtCzlcueKsvtawNSZ1IPg3mU58FMG1amT9hY=
github.com/torres-developer/bloqsenjin v0.0.0-20230105205353-a8d20fcecd6e/go.mod h1:8b0nrjJIhbjSWk8bbZJe68GJG0vOsvuEk9kns2F0PC4=
