{
    "_readme": [
        "This file locks the dependencies of your project to a known state",
        "Read more about it at https://getcomposer.org/doc/01-basic-usage.md#installing-dependencies",
        "This file is @generated automatically"
    ],
    "content-hash": "e5c2026350a704e4001a6aad0a53fa31",
    "packages": [
        {
            "name": "pds/skeleton",
            "version": "1.x-dev",
            "source": {
                "type": "git",
                "url": "https://github.com/php-pds/skeleton.git",
                "reference": "75afe0c74131620b18239174bc67d6229bea273a"
            },
            "dist": {
                "type": "zip",
                "url": "https://api.github.com/repos/php-pds/skeleton/zipball/75afe0c74131620b18239174bc67d6229bea273a",
                "reference": "75afe0c74131620b18239174bc67d6229bea273a",
                "shasum": ""
            },
            "default-branch": true,
            "bin": [
                "bin/pds-skeleton"
            ],
            "type": "standard",
            "autoload": {
                "psr-4": {
                    "Pds\\Skeleton\\": "src/"
                }
            },
            "notification-url": "https://packagist.org/downloads/",
            "license": [
                "CC-BY-SA-4.0"
            ],
            "description": "Standard for PHP package skeletons.",
            "homepage": "https://github.com/php-pds/skeleton",
            "support": {
                "issues": "https://github.com/php-pds/skeleton/issues",
                "source": "https://github.com/php-pds/skeleton/tree/1.x"
            },
            "time": "2017-09-11T21:05:23+00:00"
        },
        {
            "name": "psr/container",
            "version": "dev-master",
            "source": {
                "type": "git",
                "url": "https://github.com/php-fig/container.git",
                "reference": "90db7b9ac2a2c5b849fcb69dde58f3ae182c68f5"
            },
            "dist": {
                "type": "zip",
                "url": "https://api.github.com/repos/php-fig/container/zipball/90db7b9ac2a2c5b849fcb69dde58f3ae182c68f5",
                "reference": "90db7b9ac2a2c5b849fcb69dde58f3ae182c68f5",
                "shasum": ""
            },
            "require": {
                "php": ">=7.4.0"
            },
            "default-branch": true,
            "type": "library",
            "extra": {
                "branch-alias": {
                    "dev-master": "2.0.x-dev"
                }
            },
            "autoload": {
                "psr-4": {
                    "Psr\\Container\\": "src/"
                }
            },
            "notification-url": "https://packagist.org/downloads/",
            "license": [
                "MIT"
            ],
            "authors": [
                {
                    "name": "PHP-FIG",
                    "homepage": "https://www.php-fig.org/"
                }
            ],
            "description": "Common Container Interface (PHP FIG PSR-11)",
            "homepage": "https://github.com/php-fig/container",
            "keywords": [
                "PSR-11",
                "container",
                "container-interface",
                "container-interop",
                "psr"
            ],
            "support": {
                "issues": "https://github.com/php-fig/container/issues",
                "source": "https://github.com/php-fig/container/tree/master"
            },
            "time": "2022-07-19T17:36:59+00:00"
        },
        {
            "name": "psr/http-factory",
            "version": "dev-master",
            "source": {
                "type": "git",
                "url": "https://github.com/php-fig/http-factory.git",
                "reference": "5a4f141ac2e5bc35e615134f127e1833158d2944"
            },
            "dist": {
                "type": "zip",
                "url": "https://api.github.com/repos/php-fig/http-factory/zipball/5a4f141ac2e5bc35e615134f127e1833158d2944",
                "reference": "5a4f141ac2e5bc35e615134f127e1833158d2944",
                "shasum": ""
            },
            "require": {
                "php": ">=7.0.0",
                "psr/http-message": "^1.0"
            },
            "default-branch": true,
            "type": "library",
            "extra": {
                "branch-alias": {
                    "dev-master": "1.0.x-dev"
                }
            },
            "autoload": {
                "psr-4": {
                    "Psr\\Http\\Message\\": "src/"
                }
            },
            "notification-url": "https://packagist.org/downloads/",
            "license": [
                "MIT"
            ],
            "authors": [
                {
                    "name": "PHP-FIG",
                    "homepage": "https://www.php-fig.org/"
                }
            ],
            "description": "Common interfaces for PSR-7 HTTP message factories",
            "keywords": [
                "factory",
                "http",
                "message",
                "psr",
                "psr-17",
                "psr-7",
                "request",
                "response"
            ],
            "support": {
                "source": "https://github.com/php-fig/http-factory/tree/master"
            },
            "time": "2022-07-14T07:21:53+00:00"
        },
        {
            "name": "psr/http-message",
            "version": "dev-master",
            "source": {
                "type": "git",
                "url": "https://github.com/php-fig/http-message.git",
                "reference": "efd67d1dc14a7ef4fc4e518e7dee91c271d524e4"
            },
            "dist": {
                "type": "zip",
                "url": "https://api.github.com/repos/php-fig/http-message/zipball/efd67d1dc14a7ef4fc4e518e7dee91c271d524e4",
                "reference": "efd67d1dc14a7ef4fc4e518e7dee91c271d524e4",
                "shasum": ""
            },
            "require": {
                "php": ">=5.3.0"
            },
            "default-branch": true,
            "type": "library",
            "extra": {
                "branch-alias": {
                    "dev-master": "1.0.x-dev"
                }
            },
            "autoload": {
                "psr-4": {
                    "Psr\\Http\\Message\\": "src/"
                }
            },
            "notification-url": "https://packagist.org/downloads/",
            "license": [
                "MIT"
            ],
            "authors": [
                {
                    "name": "PHP-FIG",
                    "homepage": "http://www.php-fig.org/"
                }
            ],
            "description": "Common interface for HTTP messages",
            "homepage": "https://github.com/php-fig/http-message",
            "keywords": [
                "http",
                "http-message",
                "psr",
                "psr-7",
                "request",
                "response"
            ],
            "support": {
                "source": "https://github.com/php-fig/http-message/tree/master"
            },
            "time": "2019-08-29T13:16:46+00:00"
        },
        {
            "name": "torres-developer/http-message-impl",
            "version": "dev-master",
            "source": {
                "type": "git",
                "url": "https://github.com/torres-developer/http-message-impl.git",
                "reference": "135f7b4a8d472833ffa903a708dfa6c862a07354"
            },
            "dist": {
                "type": "zip",
                "url": "https://api.github.com/repos/torres-developer/http-message-impl/zipball/135f7b4a8d472833ffa903a708dfa6c862a07354",
                "reference": "135f7b4a8d472833ffa903a708dfa6c862a07354",
                "shasum": ""
            },
            "require": {
                "pds/skeleton": "^1.0",
                "php": ">=8.1.13",
                "psr/http-factory": "^1.0@dev",
                "psr/http-message": "^1.0@dev"
            },
            "provide": {
                "psr/http-factory-implementation": "^1.0@dev",
                "psr/http-message-implementation": "^1.0@dev"
            },
            "default-branch": true,
            "type": "library",
            "autoload": {
                "psr-4": {
                    "TorresDeveloper\\HTTPMessage\\": "src/",
                    "TorresDeveloper\\HTTPMessage\\Factories\\": "src/factories/"
                }
            },
            "notification-url": "https://packagist.org/downloads/",
            "license": [
                "AGPL-3.0-or-later"
            ],
            "authors": [
                {
                    "name": "torres-developer",
                    "email": "torres.dev@disroot.org",
                    "homepage": "https://github.com/torres-developer",
                    "role": "Developer"
                }
            ],
            "description": "Implemantation of the psr-7, psr-17",
            "homepage": "https://github.com/torres-developer/http-message-impl",
            "keywords": [
                "implemantation",
                "psr",
                "psr-17",
                "psr-7"
            ],
            "support": {
                "docs": "https://www.php-fig.org/psr/",
                "issues": "https://github.com/torres-developer/http-message-impl/issues",
                "source": "https://github.com/torres-developer/http-message-impl/"
            },
            "time": "2023-01-29T00:00:00+00:00"
        },
        {
            "name": "torres-developer/mvc",
            "version": "dev-master",
            "source": {
                "type": "git",
                "url": "https://github.com/torres-developer/MVCBase.git",
                "reference": "1fdf320f3157d0b6689269b9e602015cc09d2a07"
            },
            "dist": {
                "type": "zip",
                "url": "https://api.github.com/repos/torres-developer/MVCBase/zipball/1fdf320f3157d0b6689269b9e602015cc09d2a07",
                "reference": "1fdf320f3157d0b6689269b9e602015cc09d2a07",
                "shasum": ""
            },
            "require": {
                "pds/skeleton": "^1.0",
                "php": ">=8.1.13",
                "psr/container": "^2.0@dev",
                "torres-developer/http-message-impl": "dev-master",
                "torres-developer/pdo": "dev-master",
                "torres-developer/polyglot": "dev-master",
                "torres-developer/pull": "dev-master"
            },
            "provide": {
                "psr/container-implementation": "^2.0@dev"
            },
            "suggest": {
                "ext-memecached": "cache of the translations",
                "torres-developer/polyglot": "Allows easy translation of error messages, anything you want actually"
            },
            "default-branch": true,
            "bin": [
                "bin/genBase"
            ],
            "type": "library",
            "autoload": {
                "files": [
                    "src/globalFunctions.php",
                    "src/consts.php"
                ],
                "psr-4": {
                    "TorresDeveloper\\MVC\\": "src/",
                    "TorresDeveloper\\MVC\\Core\\": "src/core/",
                    "TorresDeveloper\\MVC\\View\\": "src/view/",
                    "TorresDeveloper\\MVC\\Extra\\": "src/extra/",
                    "TorresDeveloper\\MVC\\Model\\": "src/model/",
                    "TorresDeveloper\\MVC\\Config\\": "src/config/",
                    "TorresDeveloper\\MVC\\Throws\\": "src/throws/",
                    "TorresDeveloper\\MVC\\Traits\\": "src/traits/",
                    "TorresDeveloper\\MVC\\Container\\": "src/container/",
                    "TorresDeveloper\\MVC\\Controller\\": "src/controller/",
                    "TorresDeveloper\\MVC\\View\\Loader\\": "src/view/implementation/"
                }
            },
            "notification-url": "https://packagist.org/downloads/",
            "license": [
                "AGPL-3.0-or-later"
            ],
            "authors": [
                {
                    "name": "torres-developer",
                    "email": "torres.dev@disroot.org",
                    "homepage": "https://github.com/torres-developer",
                    "role": "Developer"
                }
            ],
            "description": "MVC base framework",
            "homepage": "https://github.com/torres-developer/MVCBase",
            "keywords": [
                "framework",
                "mvc"
            ],
            "support": {
                "issues": "https://github.com/torres-developer/MVCBase/issues",
                "source": "https://github.com/torres-developer/MVCBase/"
            },
            "time": "2023-01-29T00:00:00+00:00"
        },
        {
            "name": "torres-developer/pdo",
            "version": "dev-master",
            "source": {
                "type": "git",
                "url": "https://github.com/torres-developer/PDOWrapperAPI.git",
                "reference": "3b59baf7a61a98e1a4466c6ecf289877965709ea"
            },
            "dist": {
                "type": "zip",
                "url": "https://api.github.com/repos/torres-developer/PDOWrapperAPI/zipball/3b59baf7a61a98e1a4466c6ecf289877965709ea",
                "reference": "3b59baf7a61a98e1a4466c6ecf289877965709ea",
                "shasum": ""
            },
            "require": {
                "ext-pdo": "*",
                "php": ">=8.1.13"
            },
            "require-dev": {
                "friendsofphp/php-cs-fixer": "dev-master",
                "pds/skeleton": "^1.0"
            },
            "default-branch": true,
            "type": "library",
            "autoload": {
                "psr-4": {
                    "TorresDeveloper\\PdoWrapperAPI\\": "src/",
                    "TorresDeveloper\\PdoWrapperAPI\\Core\\": "src/core"
                }
            },
            "notification-url": "https://packagist.org/downloads/",
            "license": [
                "AGPL-3.0-or-later"
            ],
            "authors": [
                {
                    "name": "torres-developer",
                    "email": "torres.dev@disroot.org",
                    "homepage": "https://github.com/torres-developer",
                    "role": "Developer"
                }
            ],
            "description": "PDO wrapper API",
            "homepage": "https://github.com/torres-developer/PDOWrapperAPI",
            "keywords": [
                "database",
                "mysql",
                "pdo",
                "wrapper"
            ],
            "support": {
                "issues": "https://github.com/torres-developer/PDOWrapperAPI/issues",
                "source": "https://github.com/torres-developer/PDOWrapperAPI/"
            },
            "time": "2022-10-16T00:00:00+00:00"
        },
        {
            "name": "torres-developer/polyglot",
            "version": "dev-master",
            "source": {
                "type": "git",
                "url": "https://github.com/torres-developer/polyglot.git",
                "reference": "b1b125a5070271bca1a5c3fe21b54e6a13e5c28e"
            },
            "dist": {
                "type": "zip",
                "url": "https://api.github.com/repos/torres-developer/polyglot/zipball/b1b125a5070271bca1a5c3fe21b54e6a13e5c28e",
                "reference": "b1b125a5070271bca1a5c3fe21b54e6a13e5c28e",
                "shasum": ""
            },
            "require": {
                "pds/skeleton": "^1.0",
                "php": ">=8.1.13",
                "torres-developer/pull": "dev-master"
            },
            "default-branch": true,
            "type": "library",
            "autoload": {
                "psr-4": {
                    "TorresDeveloper\\Polyglot\\": "src/"
                }
            },
            "notification-url": "https://packagist.org/downloads/",
            "license": [
                "GPL-3.0-or-later"
            ],
            "authors": [
                {
                    "name": "torres-developer",
                    "email": "torres.dev@disroot.org",
                    "homepage": "https://github.com/torres-developer",
                    "role": "Developer"
                }
            ],
            "description": "An library that gives an interface to easily use the LibreTranslate web service.",
            "homepage": "https://github.com/torres-developer/polyglot",
            "keywords": [
                "argos-translate",
                "libretranslate",
                "translation"
            ],
            "support": {
                "issues": "https://github.com/torres-developer/polyglot/issues",
                "source": "https://github.com/torres-developer/polyglot/"
            },
            "time": "2023-01-28T00:00:00+00:00"
        },
        {
            "name": "torres-developer/pull",
            "version": "dev-master",
            "source": {
                "type": "git",
                "url": "https://github.com/torres-developer/php-pull.git",
                "reference": "7d7fad7fed8771b73976632118749b818b8970b5"
            },
            "dist": {
                "type": "zip",
                "url": "https://api.github.com/repos/torres-developer/php-pull/zipball/7d7fad7fed8771b73976632118749b818b8970b5",
                "reference": "7d7fad7fed8771b73976632118749b818b8970b5",
                "shasum": ""
            },
            "require": {
                "ext-curl": "*",
                "pds/skeleton": "^1.0",
                "php": ">=8.1.13",
                "torres-developer/http-message-impl": "dev-master"
            },
            "default-branch": true,
            "type": "library",
            "autoload": {
                "files": [
                    "src/pull.php"
                ],
                "psr-4": {
                    "TorresDeveloper\\Pull\\": "src/"
                }
            },
            "notification-url": "https://packagist.org/downloads/",
            "license": [
                "GPL-3.0-or-later"
            ],
            "authors": [
                {
                    "name": "torres-developer",
                    "email": "torres.dev@disroot.org",
                    "homepage": "https://github.com/torres-developer",
                    "role": "Developer"
                }
            ],
            "description": "An PHP cURL extension wrapper",
            "homepage": "https://github.com/torres-developer/php-pull",
            "keywords": [
                "curl",
                "fiber",
                "libcurl"
            ],
            "support": {
                "issues": "https://github.com/torres-developer/php-pull/issues",
                "source": "https://github.com/torres-developer/php-pull/"
            },
            "time": "2023-01-07T00:00:00+00:00"
        }
    ],
    "packages-dev": [],
    "aliases": [],
    "minimum-stability": "dev",
    "stability-flags": {
        "torres-developer/mvc": 20
    },
    "prefer-stable": false,
    "prefer-lowest": false,
    "platform": [],
    "platform-dev": [],
    "plugin-api-version": "2.3.0"
}
